{
  "name": "server.uxp-websocket.adobe.com",
  "version": "0.0.1",
  "lockfileVersion": 1,
  "requires": true,
  "dependencies": {
    "bufferutil": {
      "version": "4.0.1",
      "resolved": "https://artifactory.corp.adobe.com:443/artifactory/api/npm/npmjs/bufferutil/-/bufferutil-4.0.1.tgz",
      "integrity": "sha1-Ohd+jlgZoSQ/4WtjoZmVGnrY1Kc=",
      "requires": {
        "node-gyp-build": "~3.7.0"
      }
    },
    "d": {
      "version": "1.0.1",
      "resolved": "https://artifactory.corp.adobe.com:443/artifactory/api/npm/npmjs/d/-/d-1.0.1.tgz",
      "integrity": "sha1-hpgJU3LVjb7jRv/Qxwk/mfj561o=",
      "requires": {
        "es5-ext": "^0.10.50",
        "type": "^1.0.1"
      }
    },
    "debug": {
      "version": "2.6.9",
      "resolved": "https://artifactory.corp.adobe.com:443/artifactory/api/npm/npmjs/debug/-/debug-2.6.9.tgz",
      "integrity": "sha1-XRKFFd8TT/Mn6QpMk/Tgd6U2NB8=",
      "requires": {
        "ms": "2.0.0"
      }
    },
    "es5-ext": {
      "version": "0.10.53",
      "resolved": "https://artifactory.corp.adobe.com:443/artifactory/api/npm/npmjs/es5-ext/-/es5-ext-0.10.53.tgz",
      "integrity": "sha1-k8WjrP2+8nUiCtcmRK0C7hg2jeE=",
      "requires": {
        "es6-iterator": "~2.0.3",
        "es6-symbol": "~3.1.3",
        "next-tick": "~1.0.0"
      }
    },
    "es6-iterator": {
      "version": "2.0.3",
      "resolved": "https://artifactory.corp.adobe.com:443/artifactory/api/npm/npmjs/es6-iterator/-/es6-iterator-2.0.3.tgz",
      "integrity": "sha1-p96IkUGgWpSwhUQDstCg+/qY87c=",
      "requires": {
        "d": "1",
        "es5-ext": "^0.10.35",
        "es6-symbol": "^3.1.1"
      }
    },
    "es6-symbol": {
      "version": "3.1.3",
      "resolved": "https://artifactory.corp.adobe.com:443/artifactory/api/npm/npmjs/es6-symbol/-/es6-symbol-3.1.3.tgz",
      "integrity": "sha1-utXTwbzawoJp9MszHkMceKxwXRg=",
      "requires": {
        "d": "^1.0.1",
        "ext": "^1.1.2"
      }
    },
    "ext": {
      "version": "1.4.0",
      "resolved": "https://artifactory.corp.adobe.com:443/artifactory/api/npm/npmjs/ext/-/ext-1.4.0.tgz",
      "integrity": "sha1-ia56BxWPedNVF4gpBDJAd+Q3kkQ=",
      "requires": {
        "type": "^2.0.0"
      },
      "dependencies": {
        "type": {
          "version": "2.1.0",
          "resolved": "https://artifactory.corp.adobe.com:443/artifactory/api/npm/npmjs/type/-/type-2.1.0.tgz",
          "integrity": "sha1-m9wixkjPjPht0j0yM2pBz7ZHXj8="
        }
      }
    },
    "is-typedarray": {
      "version": "1.0.0",
      "resolved": "https://artifactory.corp.adobe.com:443/artifactory/api/npm/npmjs/is-typedarray/-/is-typedarray-1.0.0.tgz",
      "integrity": "sha1-5HnICFjfDBsR3dppQPlgEfzaSpo="
    },
    "ms": {
      "version": "2.0.0",
      "resolved": "https://artifactory.corp.adobe.com:443/artifactory/api/npm/npmjs/ms/-/ms-2.0.0.tgz",
      "integrity": "sha1-VgiurfwAvmwpAd9fmGF4jeDVl8g="
    },
    "next-tick": {
      "version": "1.0.0",
      "resolved": "https://artifactory.corp.adobe.com:443/artifactory/api/npm/npmjs/next-tick/-/next-tick-1.0.0.tgz",
      "integrity": "sha1-yobR/ogoFpsBICCOPchCS524NCw="
    },
    "node-gyp-build": {
      "version": "3.7.0",
      "resolved": "https://artifactory.corp.adobe.com:443/artifactory/api/npm/npmjs/node-gyp-build/-/node-gyp-build-3.7.0.tgz",
      "integrity": "sha1-2qd6T1R7mu0+Kqx3nq8VGv1g7I0="
    },
    "type": {
      "version": "1.2.0",
      "resolved": "https://artifactory.corp.adobe.com:443/artifactory/api/npm/npmjs/type/-/type-1.2.0.tgz",
      "integrity": "sha1-hI3XaY2vo+VKbEeedZxLw/GIR6A="
    },
    "typedarray-to-buffer": {
      "version": "3.1.5",
      "resolved": "https://artifactory.corp.adobe.com:443/artifactory/api/npm/npmjs/typedarray-to-buffer/-/typedarray-to-buffer-3.1.5.tgz",
      "integrity": "sha1-qX7nqf9CaRufeD/xvFES/j/KkIA=",
      "requires": {
        "is-typedarray": "^1.0.0"
      }
    },
    "utf-8-validate": {
      "version": "5.0.2",
      "resolved": "https://artifactory.corp.adobe.com:443/artifactory/api/npm/npmjs/utf-8-validate/-/utf-8-validate-5.0.2.tgz",
      "integrity": "sha1-Y8+8zYXcHytmz3odDuvAjtBWv7M=",
      "requires": {
        "node-gyp-build": "~3.7.0"
      }
    },
    "websocket": {
      "version": "1.0.32",
      "resolved": "https://artifactory.corp.adobe.com:443/artifactory/api/npm/npmjs/websocket/-/websocket-1.0.32.tgz",
      "integrity": "sha1-Hxbdqzohotkp3sFoerIc/cbT27E=",
      "requires": {
        "bufferutil": "^4.0.1",
        "debug": "^2.2.0",
        "es5-ext": "^0.10.50",
        "typedarray-to-buffer": "^3.1.5",
        "utf-8-validate": "^5.0.2",
        "yaeti": "^0.0.6"
      }
    },
    "yaeti": {
      "version": "0.0.6",
      "resolved": "https://artifactory.corp.adobe.com:443/artifactory/api/npm/npmjs/yaeti/-/yaeti-0.0.6.tgz",
      "integrity": "sha1-8m9ITXJoTPQr7ft2lwqhYI+/lXc="
    }
  }
}
